
Microsoft Visual Studio Solution File, Format Version 12.00
# Visual Studio 14
VisualStudioVersion = 14.0.25420.1
MinimumVisualStudioVersion = 10.0.40219.1
Project("{8BC9CEB8-8B4A-11D0-8D11-00A0C91BC942}") = "lotto", "lotto\lotto.vcxproj", "{66872F22-5733-4C09-B093-54E9938F3E49}"
EndProject
Project("{8BC9CEB8-8B4A-11D0-8D11-00A0C91BC942}") = "maraton", "maraton\maraton.vcxproj", "{77838348-8402-465D-89B6-0C4A659A895B}"
EndProject
Project("{8BC9CEB8-8B4A-11D0-8D11-00A0C91BC942}") = "Watermelon", "Watermelon\Watermelon.vcxproj", "{DE44D954-5221-4805-BDEA-C8FC2C4C2319}"
EndProject
Project("{8BC9CEB8-8B4A-11D0-8D11-00A0C91BC942}") = "IdRecommend", "IdRecommend\IdRecommend.vcxproj", "{CEC2A482-9D5F-4FBA-B4EC-CB3C1293A0CB}"
EndProject
Project("{8BC9CEB8-8B4A-11D0-8D11-00A0C91BC942}") = "WhitOutNumber", "WhitOutNumber\WhitOutNumber.vcxproj", "{07677B6E-DE6F-4E43-AD94-BF0701819618}"
EndProject
Project("{8BC9CEB8-8B4A-11D0-8D11-00A0C91BC942}") = "YinAndYang", "YinAndYang\YinAndYang.vcxproj", "{6166AAB8-3522-4F7D-A41C-C9EE5F44D827}"
EndProject
Project("{8BC9CEB8-8B4A-11D0-8D11-00A0C91BC942}") = "InternalNumber", "InternalNumber\InternalNumber.vcxproj", "{4F8B0588-A2E1-4F12-B2E1-9309D36C66FE}"
EndProject
Project("{8BC9CEB8-8B4A-11D0-8D11-00A0C91BC942}") = "CraneDoll", "CraneDoll\CraneDoll.vcxproj", "{02F7E4EA-0FD8-4829-9070-979673870B28}"
EndProject
Project("{8BC9CEB8-8B4A-11D0-8D11-00A0C91BC942}") = "NumberString", "NumberString\NumberString.vcxproj", "{37EA48DA-3769-49A5-BB65-811B4347D259}"
EndProject
Project("{8BC9CEB8-8B4A-11D0-8D11-00A0C91BC942}") = "FailureRate", "FailureRate\FailureRate.vcxproj", "{894BA3B9-B14B-4E23-ADE2-664819F50A13}"
EndProject
Project("{8BC9CEB8-8B4A-11D0-8D11-00A0C91BC942}") = "WorkoutClothes", "WorkoutClothes\WorkoutClothes.vcxproj", "{3FAAE535-9886-4963-99BA-24597BDA00BF}"
EndProject
Project("{8BC9CEB8-8B4A-11D0-8D11-00A0C91BC942}") = "KmovesNumber", "KmovesNumber\KmovesNumber.vcxproj", "{D46B9736-C990-4331-8C6A-67B1A4A0D733}"
EndProject
Project("{8BC9CEB8-8B4A-11D0-8D11-00A0C91BC942}") = "MakeWallet", "MakeWallet\MakeWallet.vcxproj", "{3979F19A-42BC-4FA7-9B01-B044CAC5C050}"
EndProject
Project("{8BC9CEB8-8B4A-11D0-8D11-00A0C91BC942}") = "RestOne", "RestOne\RestOne.vcxproj", "{ECC928BF-3E60-4402-8B77-B97E25D6099A}"
EndProject
Project("{8BC9CEB8-8B4A-11D0-8D11-00A0C91BC942}") = "MockTest", "MockTest\MockTest.vcxproj", "{C779FAC7-D278-4E20-BED1-DC0151BDEFDF}"
EndProject
Project("{8BC9CEB8-8B4A-11D0-8D11-00A0C91BC942}") = "DivisorSum", "DivisorSum\DivisorSum.vcxproj", "{FA2D4E3F-1136-49EF-A6A6-E92272782DDE}"
EndProject
Project("{8BC9CEB8-8B4A-11D0-8D11-00A0C91BC942}") = "Budget", "Budget\Budget.vcxproj", "{38220F90-4DF0-4155-99E2-C395881089C9}"
EndProject
Project("{8BC9CEB8-8B4A-11D0-8D11-00A0C91BC942}") = "MakeSum", "MakeSum\MakeSum.vcxproj", "{53B869D4-7663-4F3D-9878-9107E2724D81}"
EndProject
Project("{8BC9CEB8-8B4A-11D0-8D11-00A0C91BC942}") = "MakeMaxNumber", "MakeMaxNumber\MakeMaxNumber.vcxproj", "{7E7D4F08-6035-4AD3-BA19-639AABF5ABE2}"
EndProject
Project("{8BC9CEB8-8B4A-11D0-8D11-00A0C91BC942}") = "H-Index", "H-Index\H-Index.vcxproj", "{2F74DBAC-1C6D-47A3-9D64-BB1AEA22B9F9}"
EndProject
Project("{8BC9CEB8-8B4A-11D0-8D11-00A0C91BC942}") = "FindDecimal", "FindDecimal\FindDecimal.vcxproj", "{9446336B-B76C-457C-828E-714451FA68D0}"
EndProject
Project("{8BC9CEB8-8B4A-11D0-8D11-00A0C91BC942}") = "OpenChat", "OpenChat\OpenChat.vcxproj", "{E27E97B9-22E7-46B2-818D-2C6831E579D3}"
EndProject
Project("{8BC9CEB8-8B4A-11D0-8D11-00A0C91BC942}") = "ReportResult", "ReportResult\ReportResult.vcxproj", "{3E178E2D-C765-446D-955A-2316AFC79297}"
EndProject
Project("{8BC9CEB8-8B4A-11D0-8D11-00A0C91BC942}") = "124World", "124World\124World.vcxproj", "{1A0F4177-9DC5-42A1-B02F-EA1923266013}"
EndProject
Project("{8BC9CEB8-8B4A-11D0-8D11-00A0C91BC942}") = "MoreSpicy", "MoreSpicy\MoreSpicy.vcxproj", "{C78EBB75-C94D-4C69-9D51-4DD98FCA0FAC}"
EndProject
Project("{8BC9CEB8-8B4A-11D0-8D11-00A0C91BC942}") = "Practice", "Practice\Practice.vcxproj", "{A696755D-0047-4BD4-BBB8-54A3E939238F}"
EndProject
Project("{8BC9CEB8-8B4A-11D0-8D11-00A0C91BC942}") = "Camouflage", "Camouflage\Camouflage.vcxproj", "{C1411A56-3527-4DB9-8EB9-E7663A1314E7}"
EndProject
Global
	GlobalSection(SolutionConfigurationPlatforms) = preSolution
		Debug|x64 = Debug|x64
		Debug|x86 = Debug|x86
		Release|x64 = Release|x64
		Release|x86 = Release|x86
	EndGlobalSection
	GlobalSection(ProjectConfigurationPlatforms) = postSolution
		{66872F22-5733-4C09-B093-54E9938F3E49}.Debug|x64.ActiveCfg = Debug|x64
		{66872F22-5733-4C09-B093-54E9938F3E49}.Debug|x64.Build.0 = Debug|x64
		{66872F22-5733-4C09-B093-54E9938F3E49}.Debug|x86.ActiveCfg = Debug|Win32
		{66872F22-5733-4C09-B093-54E9938F3E49}.Debug|x86.Build.0 = Debug|Win32
		{66872F22-5733-4C09-B093-54E9938F3E49}.Release|x64.ActiveCfg = Release|x64
		{66872F22-5733-4C09-B093-54E9938F3E49}.Release|x64.Build.0 = Release|x64
		{66872F22-5733-4C09-B093-54E9938F3E49}.Release|x86.ActiveCfg = Release|Win32
		{66872F22-5733-4C09-B093-54E9938F3E49}.Release|x86.Build.0 = Release|Win32
		{77838348-8402-465D-89B6-0C4A659A895B}.Debug|x64.ActiveCfg = Debug|x64
		{77838348-8402-465D-89B6-0C4A659A895B}.Debug|x64.Build.0 = Debug|x64
		{77838348-8402-465D-89B6-0C4A659A895B}.Debug|x86.ActiveCfg = Debug|Win32
		{77838348-8402-465D-89B6-0C4A659A895B}.Debug|x86.Build.0 = Debug|Win32
		{77838348-8402-465D-89B6-0C4A659A895B}.Release|x64.ActiveCfg = Release|x64
		{77838348-8402-465D-89B6-0C4A659A895B}.Release|x64.Build.0 = Release|x64
		{77838348-8402-465D-89B6-0C4A659A895B}.Release|x86.ActiveCfg = Release|Win32
		{77838348-8402-465D-89B6-0C4A659A895B}.Release|x86.Build.0 = Release|Win32
		{DE44D954-5221-4805-BDEA-C8FC2C4C2319}.Debug|x64.ActiveCfg = Debug|x64
		{DE44D954-5221-4805-BDEA-C8FC2C4C2319}.Debug|x64.Build.0 = Debug|x64
		{DE44D954-5221-4805-BDEA-C8FC2C4C2319}.Debug|x86.ActiveCfg = Debug|Win32
		{DE44D954-5221-4805-BDEA-C8FC2C4C2319}.Debug|x86.Build.0 = Debug|Win32
		{DE44D954-5221-4805-BDEA-C8FC2C4C2319}.Release|x64.ActiveCfg = Release|x64
		{DE44D954-5221-4805-BDEA-C8FC2C4C2319}.Release|x64.Build.0 = Release|x64
		{DE44D954-5221-4805-BDEA-C8FC2C4C2319}.Release|x86.ActiveCfg = Release|Win32
		{DE44D954-5221-4805-BDEA-C8FC2C4C2319}.Release|x86.Build.0 = Release|Win32
		{CEC2A482-9D5F-4FBA-B4EC-CB3C1293A0CB}.Debug|x64.ActiveCfg = Debug|x64
		{CEC2A482-9D5F-4FBA-B4EC-CB3C1293A0CB}.Debug|x64.Build.0 = Debug|x64
		{CEC2A482-9D5F-4FBA-B4EC-CB3C1293A0CB}.Debug|x86.ActiveCfg = Debug|Win32
		{CEC2A482-9D5F-4FBA-B4EC-CB3C1293A0CB}.Debug|x86.Build.0 = Debug|Win32
		{CEC2A482-9D5F-4FBA-B4EC-CB3C1293A0CB}.Release|x64.ActiveCfg = Release|x64
		{CEC2A482-9D5F-4FBA-B4EC-CB3C1293A0CB}.Release|x64.Build.0 = Release|x64
		{CEC2A482-9D5F-4FBA-B4EC-CB3C1293A0CB}.Release|x86.ActiveCfg = Release|Win32
		{CEC2A482-9D5F-4FBA-B4EC-CB3C1293A0CB}.Release|x86.Build.0 = Release|Win32
		{07677B6E-DE6F-4E43-AD94-BF0701819618}.Debug|x64.ActiveCfg = Debug|x64
		{07677B6E-DE6F-4E43-AD94-BF0701819618}.Debug|x64.Build.0 = Debug|x64
		{07677B6E-DE6F-4E43-AD94-BF0701819618}.Debug|x86.ActiveCfg = Debug|Win32
		{07677B6E-DE6F-4E43-AD94-BF0701819618}.Debug|x86.Build.0 = Debug|Win32
		{07677B6E-DE6F-4E43-AD94-BF0701819618}.Release|x64.ActiveCfg = Release|x64
		{07677B6E-DE6F-4E43-AD94-BF0701819618}.Release|x64.Build.0 = Release|x64
		{07677B6E-DE6F-4E43-AD94-BF0701819618}.Release|x86.ActiveCfg = Release|Win32
		{07677B6E-DE6F-4E43-AD94-BF0701819618}.Release|x86.Build.0 = Release|Win32
		{6166AAB8-3522-4F7D-A41C-C9EE5F44D827}.Debug|x64.ActiveCfg = Debug|x64
		{6166AAB8-3522-4F7D-A41C-C9EE5F44D827}.Debug|x64.Build.0 = Debug|x64
		{6166AAB8-3522-4F7D-A41C-C9EE5F44D827}.Debug|x86.ActiveCfg = Debug|Win32
		{6166AAB8-3522-4F7D-A41C-C9EE5F44D827}.Debug|x86.Build.0 = Debug|Win32
		{6166AAB8-3522-4F7D-A41C-C9EE5F44D827}.Release|x64.ActiveCfg = Release|x64
		{6166AAB8-3522-4F7D-A41C-C9EE5F44D827}.Release|x64.Build.0 = Release|x64
		{6166AAB8-3522-4F7D-A41C-C9EE5F44D827}.Release|x86.ActiveCfg = Release|Win32
		{6166AAB8-3522-4F7D-A41C-C9EE5F44D827}.Release|x86.Build.0 = Release|Win32
		{4F8B0588-A2E1-4F12-B2E1-9309D36C66FE}.Debug|x64.ActiveCfg = Debug|x64
		{4F8B0588-A2E1-4F12-B2E1-9309D36C66FE}.Debug|x64.Build.0 = Debug|x64
		{4F8B0588-A2E1-4F12-B2E1-9309D36C66FE}.Debug|x86.ActiveCfg = Debug|Win32
		{4F8B0588-A2E1-4F12-B2E1-9309D36C66FE}.Debug|x86.Build.0 = Debug|Win32
		{4F8B0588-A2E1-4F12-B2E1-9309D36C66FE}.Release|x64.ActiveCfg = Release|x64
		{4F8B0588-A2E1-4F12-B2E1-9309D36C66FE}.Release|x64.Build.0 = Release|x64
		{4F8B0588-A2E1-4F12-B2E1-9309D36C66FE}.Release|x86.ActiveCfg = Release|Win32
		{4F8B0588-A2E1-4F12-B2E1-9309D36C66FE}.Release|x86.Build.0 = Release|Win32
		{02F7E4EA-0FD8-4829-9070-979673870B28}.Debug|x64.ActiveCfg = Debug|x64
		{02F7E4EA-0FD8-4829-9070-979673870B28}.Debug|x64.Build.0 = Debug|x64
		{02F7E4EA-0FD8-4829-9070-979673870B28}.Debug|x86.ActiveCfg = Debug|Win32
		{02F7E4EA-0FD8-4829-9070-979673870B28}.Debug|x86.Build.0 = Debug|Win32
		{02F7E4EA-0FD8-4829-9070-979673870B28}.Release|x64.ActiveCfg = Release|x64
		{02F7E4EA-0FD8-4829-9070-979673870B28}.Release|x64.Build.0 = Release|x64
		{02F7E4EA-0FD8-4829-9070-979673870B28}.Release|x86.ActiveCfg = Release|Win32
		{02F7E4EA-0FD8-4829-9070-979673870B28}.Release|x86.Build.0 = Release|Win32
		{37EA48DA-3769-49A5-BB65-811B4347D259}.Debug|x64.ActiveCfg = Debug|x64
		{37EA48DA-3769-49A5-BB65-811B4347D259}.Debug|x64.Build.0 = Debug|x64
		{37EA48DA-3769-49A5-BB65-811B4347D259}.Debug|x86.ActiveCfg = Debug|Win32
		{37EA48DA-3769-49A5-BB65-811B4347D259}.Debug|x86.Build.0 = Debug|Win32
		{37EA48DA-3769-49A5-BB65-811B4347D259}.Release|x64.ActiveCfg = Release|x64
		{37EA48DA-3769-49A5-BB65-811B4347D259}.Release|x64.Build.0 = Release|x64
		{37EA48DA-3769-49A5-BB65-811B4347D259}.Release|x86.ActiveCfg = Release|Win32
		{37EA48DA-3769-49A5-BB65-811B4347D259}.Release|x86.Build.0 = Release|Win32
		{894BA3B9-B14B-4E23-ADE2-664819F50A13}.Debug|x64.ActiveCfg = Debug|x64
		{894BA3B9-B14B-4E23-ADE2-664819F50A13}.Debug|x64.Build.0 = Debug|x64
		{894BA3B9-B14B-4E23-ADE2-664819F50A13}.Debug|x86.ActiveCfg = Debug|Win32
		{894BA3B9-B14B-4E23-ADE2-664819F50A13}.Debug|x86.Build.0 = Debug|Win32
		{894BA3B9-B14B-4E23-ADE2-664819F50A13}.Release|x64.ActiveCfg = Release|x64
		{894BA3B9-B14B-4E23-ADE2-664819F50A13}.Release|x64.Build.0 = Release|x64
		{894BA3B9-B14B-4E23-ADE2-664819F50A13}.Release|x86.ActiveCfg = Release|Win32
		{894BA3B9-B14B-4E23-ADE2-664819F50A13}.Release|x86.Build.0 = Release|Win32
		{3FAAE535-9886-4963-99BA-24597BDA00BF}.Debug|x64.ActiveCfg = Debug|x64
		{3FAAE535-9886-4963-99BA-24597BDA00BF}.Debug|x64.Build.0 = Debug|x64
		{3FAAE535-9886-4963-99BA-24597BDA00BF}.Debug|x86.ActiveCfg = Debug|Win32
		{3FAAE535-9886-4963-99BA-24597BDA00BF}.Debug|x86.Build.0 = Debug|Win32
		{3FAAE535-9886-4963-99BA-24597BDA00BF}.Release|x64.ActiveCfg = Release|x64
		{3FAAE535-9886-4963-99BA-24597BDA00BF}.Release|x64.Build.0 = Release|x64
		{3FAAE535-9886-4963-99BA-24597BDA00BF}.Release|x86.ActiveCfg = Release|Win32
		{3FAAE535-9886-4963-99BA-24597BDA00BF}.Release|x86.Build.0 = Release|Win32
		{D46B9736-C990-4331-8C6A-67B1A4A0D733}.Debug|x64.ActiveCfg = Debug|x64
		{D46B9736-C990-4331-8C6A-67B1A4A0D733}.Debug|x64.Build.0 = Debug|x64
		{D46B9736-C990-4331-8C6A-67B1A4A0D733}.Debug|x86.ActiveCfg = Debug|Win32
		{D46B9736-C990-4331-8C6A-67B1A4A0D733}.Debug|x86.Build.0 = Debug|Win32
		{D46B9736-C990-4331-8C6A-67B1A4A0D733}.Release|x64.ActiveCfg = Release|x64
		{D46B9736-C990-4331-8C6A-67B1A4A0D733}.Release|x64.Build.0 = Release|x64
		{D46B9736-C990-4331-8C6A-67B1A4A0D733}.Release|x86.ActiveCfg = Release|Win32
		{D46B9736-C990-4331-8C6A-67B1A4A0D733}.Release|x86.Build.0 = Release|Win32
		{3979F19A-42BC-4FA7-9B01-B044CAC5C050}.Debug|x64.ActiveCfg = Debug|x64
		{3979F19A-42BC-4FA7-9B01-B044CAC5C050}.Debug|x64.Build.0 = Debug|x64
		{3979F19A-42BC-4FA7-9B01-B044CAC5C050}.Debug|x86.ActiveCfg = Debug|Win32
		{3979F19A-42BC-4FA7-9B01-B044CAC5C050}.Debug|x86.Build.0 = Debug|Win32
		{3979F19A-42BC-4FA7-9B01-B044CAC5C050}.Release|x64.ActiveCfg = Release|x64
		{3979F19A-42BC-4FA7-9B01-B044CAC5C050}.Release|x64.Build.0 = Release|x64
		{3979F19A-42BC-4FA7-9B01-B044CAC5C050}.Release|x86.ActiveCfg = Release|Win32
		{3979F19A-42BC-4FA7-9B01-B044CAC5C050}.Release|x86.Build.0 = Release|Win32
		{ECC928BF-3E60-4402-8B77-B97E25D6099A}.Debug|x64.ActiveCfg = Debug|x64
		{ECC928BF-3E60-4402-8B77-B97E25D6099A}.Debug|x64.Build.0 = Debug|x64
		{ECC928BF-3E60-4402-8B77-B97E25D6099A}.Debug|x86.ActiveCfg = Debug|Win32
		{ECC928BF-3E60-4402-8B77-B97E25D6099A}.Debug|x86.Build.0 = Debug|Win32
		{ECC928BF-3E60-4402-8B77-B97E25D6099A}.Release|x64.ActiveCfg = Release|x64
		{ECC928BF-3E60-4402-8B77-B97E25D6099A}.Release|x64.Build.0 = Release|x64
		{ECC928BF-3E60-4402-8B77-B97E25D6099A}.Release|x86.ActiveCfg = Release|Win32
		{ECC928BF-3E60-4402-8B77-B97E25D6099A}.Release|x86.Build.0 = Release|Win32
		{C779FAC7-D278-4E20-BED1-DC0151BDEFDF}.Debug|x64.ActiveCfg = Debug|x64
		{C779FAC7-D278-4E20-BED1-DC0151BDEFDF}.Debug|x64.Build.0 = Debug|x64
		{C779FAC7-D278-4E20-BED1-DC0151BDEFDF}.Debug|x86.ActiveCfg = Debug|Win32
		{C779FAC7-D278-4E20-BED1-DC0151BDEFDF}.Debug|x86.Build.0 = Debug|Win32
		{C779FAC7-D278-4E20-BED1-DC0151BDEFDF}.Release|x64.ActiveCfg = Release|x64
		{C779FAC7-D278-4E20-BED1-DC0151BDEFDF}.Release|x64.Build.0 = Release|x64
		{C779FAC7-D278-4E20-BED1-DC0151BDEFDF}.Release|x86.ActiveCfg = Release|Win32
		{C779FAC7-D278-4E20-BED1-DC0151BDEFDF}.Release|x86.Build.0 = Release|Win32
		{FA2D4E3F-1136-49EF-A6A6-E92272782DDE}.Debug|x64.ActiveCfg = Debug|x64
		{FA2D4E3F-1136-49EF-A6A6-E92272782DDE}.Debug|x64.Build.0 = Debug|x64
		{FA2D4E3F-1136-49EF-A6A6-E92272782DDE}.Debug|x86.ActiveCfg = Debug|Win32
		{FA2D4E3F-1136-49EF-A6A6-E92272782DDE}.Debug|x86.Build.0 = Debug|Win32
		{FA2D4E3F-1136-49EF-A6A6-E92272782DDE}.Release|x64.ActiveCfg = Release|x64
		{FA2D4E3F-1136-49EF-A6A6-E92272782DDE}.Release|x64.Build.0 = Release|x64
		{FA2D4E3F-1136-49EF-A6A6-E92272782DDE}.Release|x86.ActiveCfg = Release|Win32
		{FA2D4E3F-1136-49EF-A6A6-E92272782DDE}.Release|x86.Build.0 = Release|Win32
		{38220F90-4DF0-4155-99E2-C395881089C9}.Debug|x64.ActiveCfg = Debug|x64
		{38220F90-4DF0-4155-99E2-C395881089C9}.Debug|x64.Build.0 = Debug|x64
		{38220F90-4DF0-4155-99E2-C395881089C9}.Debug|x86.ActiveCfg = Debug|Win32
		{38220F90-4DF0-4155-99E2-C395881089C9}.Debug|x86.Build.0 = Debug|Win32
		{38220F90-4DF0-4155-99E2-C395881089C9}.Release|x64.ActiveCfg = Release|x64
		{38220F90-4DF0-4155-99E2-C395881089C9}.Release|x64.Build.0 = Release|x64
		{38220F90-4DF0-4155-99E2-C395881089C9}.Release|x86.ActiveCfg = Release|Win32
		{38220F90-4DF0-4155-99E2-C395881089C9}.Release|x86.Build.0 = Release|Win32
		{53B869D4-7663-4F3D-9878-9107E2724D81}.Debug|x64.ActiveCfg = Debug|x64
		{53B869D4-7663-4F3D-9878-9107E2724D81}.Debug|x64.Build.0 = Debug|x64
		{53B869D4-7663-4F3D-9878-9107E2724D81}.Debug|x86.ActiveCfg = Debug|Win32
		{53B869D4-7663-4F3D-9878-9107E2724D81}.Debug|x86.Build.0 = Debug|Win32
		{53B869D4-7663-4F3D-9878-9107E2724D81}.Release|x64.ActiveCfg = Release|x64
		{53B869D4-7663-4F3D-9878-9107E2724D81}.Release|x64.Build.0 = Release|x64
		{53B869D4-7663-4F3D-9878-9107E2724D81}.Release|x86.ActiveCfg = Release|Win32
		{53B869D4-7663-4F3D-9878-9107E2724D81}.Release|x86.Build.0 = Release|Win32
		{7E7D4F08-6035-4AD3-BA19-639AABF5ABE2}.Debug|x64.ActiveCfg = Debug|x64
		{7E7D4F08-6035-4AD3-BA19-639AABF5ABE2}.Debug|x64.Build.0 = Debug|x64
		{7E7D4F08-6035-4AD3-BA19-639AABF5ABE2}.Debug|x86.ActiveCfg = Debug|Win32
		{7E7D4F08-6035-4AD3-BA19-639AABF5ABE2}.Debug|x86.Build.0 = Debug|Win32
		{7E7D4F08-6035-4AD3-BA19-639AABF5ABE2}.Release|x64.ActiveCfg = Release|x64
		{7E7D4F08-6035-4AD3-BA19-639AABF5ABE2}.Release|x64.Build.0 = Release|x64
		{7E7D4F08-6035-4AD3-BA19-639AABF5ABE2}.Release|x86.ActiveCfg = Release|Win32
		{7E7D4F08-6035-4AD3-BA19-639AABF5ABE2}.Release|x86.Build.0 = Release|Win32
		{2F74DBAC-1C6D-47A3-9D64-BB1AEA22B9F9}.Debug|x64.ActiveCfg = Debug|x64
		{2F74DBAC-1C6D-47A3-9D64-BB1AEA22B9F9}.Debug|x64.Build.0 = Debug|x64
		{2F74DBAC-1C6D-47A3-9D64-BB1AEA22B9F9}.Debug|x86.ActiveCfg = Debug|Win32
		{2F74DBAC-1C6D-47A3-9D64-BB1AEA22B9F9}.Debug|x86.Build.0 = Debug|Win32
		{2F74DBAC-1C6D-47A3-9D64-BB1AEA22B9F9}.Release|x64.ActiveCfg = Release|x64
		{2F74DBAC-1C6D-47A3-9D64-BB1AEA22B9F9}.Release|x64.Build.0 = Release|x64
		{2F74DBAC-1C6D-47A3-9D64-BB1AEA22B9F9}.Release|x86.ActiveCfg = Release|Win32
		{2F74DBAC-1C6D-47A3-9D64-BB1AEA22B9F9}.Release|x86.Build.0 = Release|Win32
		{9446336B-B76C-457C-828E-714451FA68D0}.Debug|x64.ActiveCfg = Debug|x64
		{9446336B-B76C-457C-828E-714451FA68D0}.Debug|x64.Build.0 = Debug|x64
		{9446336B-B76C-457C-828E-714451FA68D0}.Debug|x86.ActiveCfg = Debug|Win32
		{9446336B-B76C-457C-828E-714451FA68D0}.Debug|x86.Build.0 = Debug|Win32
		{9446336B-B76C-457C-828E-714451FA68D0}.Release|x64.ActiveCfg = Release|x64
		{9446336B-B76C-457C-828E-714451FA68D0}.Release|x64.Build.0 = Release|x64
		{9446336B-B76C-457C-828E-714451FA68D0}.Release|x86.ActiveCfg = Release|Win32
		{9446336B-B76C-457C-828E-714451FA68D0}.Release|x86.Build.0 = Release|Win32
		{E27E97B9-22E7-46B2-818D-2C6831E579D3}.Debug|x64.ActiveCfg = Debug|x64
		{E27E97B9-22E7-46B2-818D-2C6831E579D3}.Debug|x64.Build.0 = Debug|x64
		{E27E97B9-22E7-46B2-818D-2C6831E579D3}.Debug|x86.ActiveCfg = Debug|Win32
		{E27E97B9-22E7-46B2-818D-2C6831E579D3}.Debug|x86.Build.0 = Debug|Win32
		{E27E97B9-22E7-46B2-818D-2C6831E579D3}.Release|x64.ActiveCfg = Release|x64
		{E27E97B9-22E7-46B2-818D-2C6831E579D3}.Release|x64.Build.0 = Release|x64
		{E27E97B9-22E7-46B2-818D-2C6831E579D3}.Release|x86.ActiveCfg = Release|Win32
		{E27E97B9-22E7-46B2-818D-2C6831E579D3}.Release|x86.Build.0 = Release|Win32
		{3E178E2D-C765-446D-955A-2316AFC79297}.Debug|x64.ActiveCfg = Debug|x64
		{3E178E2D-C765-446D-955A-2316AFC79297}.Debug|x64.Build.0 = Debug|x64
		{3E178E2D-C765-446D-955A-2316AFC79297}.Debug|x86.ActiveCfg = Debug|Win32
		{3E178E2D-C765-446D-955A-2316AFC79297}.Debug|x86.Build.0 = Debug|Win32
		{3E178E2D-C765-446D-955A-2316AFC79297}.Release|x64.ActiveCfg = Release|x64
		{3E178E2D-C765-446D-955A-2316AFC79297}.Release|x64.Build.0 = Release|x64
		{3E178E2D-C765-446D-955A-2316AFC79297}.Release|x86.ActiveCfg = Release|Win32
		{3E178E2D-C765-446D-955A-2316AFC79297}.Release|x86.Build.0 = Release|Win32
		{1A0F4177-9DC5-42A1-B02F-EA1923266013}.Debug|x64.ActiveCfg = Debug|x64
		{1A0F4177-9DC5-42A1-B02F-EA1923266013}.Debug|x64.Build.0 = Debug|x64
		{1A0F4177-9DC5-42A1-B02F-EA1923266013}.Debug|x86.ActiveCfg = Debug|Win32
		{1A0F4177-9DC5-42A1-B02F-EA1923266013}.Debug|x86.Build.0 = Debug|Win32
		{1A0F4177-9DC5-42A1-B02F-EA1923266013}.Release|x64.ActiveCfg = Release|x64
		{1A0F4177-9DC5-42A1-B02F-EA1923266013}.Release|x64.Build.0 = Release|x64
		{1A0F4177-9DC5-42A1-B02F-EA1923266013}.Release|x86.ActiveCfg = Release|Win32
		{1A0F4177-9DC5-42A1-B02F-EA1923266013}.Release|x86.Build.0 = Release|Win32
		{C78EBB75-C94D-4C69-9D51-4DD98FCA0FAC}.Debug|x64.ActiveCfg = Debug|x64
		{C78EBB75-C94D-4C69-9D51-4DD98FCA0FAC}.Debug|x64.Build.0 = Debug|x64
		{C78EBB75-C94D-4C69-9D51-4DD98FCA0FAC}.Debug|x86.ActiveCfg = Debug|Win32
		{C78EBB75-C94D-4C69-9D51-4DD98FCA0FAC}.Debug|x86.Build.0 = Debug|Win32
		{C78EBB75-C94D-4C69-9D51-4DD98FCA0FAC}.Release|x64.ActiveCfg = Release|x64
		{C78EBB75-C94D-4C69-9D51-4DD98FCA0FAC}.Release|x64.Build.0 = Release|x64
		{C78EBB75-C94D-4C69-9D51-4DD98FCA0FAC}.Release|x86.ActiveCfg = Release|Win32
		{C78EBB75-C94D-4C69-9D51-4DD98FCA0FAC}.Release|x86.Build.0 = Release|Win32
		{A696755D-0047-4BD4-BBB8-54A3E939238F}.Debug|x64.ActiveCfg = Debug|x64
		{A696755D-0047-4BD4-BBB8-54A3E939238F}.Debug|x64.Build.0 = Debug|x64
		{A696755D-0047-4BD4-BBB8-54A3E939238F}.Debug|x86.ActiveCfg = Debug|Win32
		{A696755D-0047-4BD4-BBB8-54A3E939238F}.Debug|x86.Build.0 = Debug|Win32
		{A696755D-0047-4BD4-BBB8-54A3E939238F}.Release|x64.ActiveCfg = Release|x64
		{A696755D-0047-4BD4-BBB8-54A3E939238F}.Release|x64.Build.0 = Release|x64
		{A696755D-0047-4BD4-BBB8-54A3E939238F}.Release|x86.ActiveCfg = Release|Win32
		{A696755D-0047-4BD4-BBB8-54A3E939238F}.Release|x86.Build.0 = Release|Win32
		{C1411A56-3527-4DB9-8EB9-E7663A1314E7}.Debug|x64.ActiveCfg = Debug|x64
		{C1411A56-3527-4DB9-8EB9-E7663A1314E7}.Debug|x64.Build.0 = Debug|x64
		{C1411A56-3527-4DB9-8EB9-E7663A1314E7}.Debug|x86.ActiveCfg = Debug|Win32
		{C1411A56-3527-4DB9-8EB9-E7663A1314E7}.Debug|x86.Build.0 = Debug|Win32
		{C1411A56-3527-4DB9-8EB9-E7663A1314E7}.Release|x64.ActiveCfg = Release|x64
		{C1411A56-3527-4DB9-8EB9-E7663A1314E7}.Release|x64.Build.0 = Release|x64
		{C1411A56-3527-4DB9-8EB9-E7663A1314E7}.Release|x86.ActiveCfg = Release|Win32
		{C1411A56-3527-4DB9-8EB9-E7663A1314E7}.Release|x86.Build.0 = Release|Win32
	EndGlobalSection
	GlobalSection(SolutionProperties) = preSolution
		HideSolutionNode = FALSE
	EndGlobalSection
	GlobalSection(ExtensibilityGlobals) = postSolution
		SolutionGuid = {FAC744D4-FFC2-4BE0-84BC-0177AC2FEB86}
	EndGlobalSection
EndGlobal
